// !$*UTF8*$!
{
	archiveVersion = 1;
	classes = {
	};
	objectVersion = 77;
	objects = {

/* Begin PBXBuildFile section */
		563792B930129B9F00B90A9C /* RevenueCat in Frameworks */ = {isa = PBXBuildFile; productRef = 563792B830129B9F00B90A9C /* RevenueCat */; };
		563792BB30129B9F00B90A9C /* RevenueCatUI in Frameworks */ = {isa = PBXBuildFile; productRef = 563792BA30129B9F00B90A9C /* RevenueCatUI */; };
		5637938E3016BDB700B90A9C /* StoreKit.framework in Frameworks */ = {isa = PBXBuildFile; fileRef = 5637938D3016BDB700B90A9C /* StoreKit.framework */; };
		56D3D81930096ED900682844 /* FirebaseAuth in Frameworks */ = {isa = PBXBuildFile; productRef = 56D3D81830096ED900682844 /* FirebaseAuth */; };
		56D3D81B30096ED900682844 /* FirebaseCore in Frameworks */ = {isa = PBXBuildFile; productRef = 56D3D81A30096ED900682844 /* FirebaseCore */; };
		56E8F1A2302A100100C0DE03 /* CodeScanner in Frameworks */ = {isa = PBXBuildFile; productRef = 56E8F1A1302A100100C0DE02 /* CodeScanner */; };
/* End PBXBuildFile section */

/* Begin PBXContainerItemProxy section */
		56F1A0072FF44C2B00D330D8 /* PBXContainerItemProxy */ = {
			isa = PBXContainerItemProxy;
			containerPortal = 56DB1E932FF44C2B00D330D8 /* Project object */;
			proxyType = 1;
			remoteGlobalIDString = 56DB1E9A2FF44C2B00D330D8;
			remoteInfo = Postal;
		};
/* End PBXContainerItemProxy section */

/* Begin PBXFileReference section */
		5637938D3016BDB700B90A9C /* StoreKit.framework */ = {isa = PBXFileReference; lastKnownFileType = wrapper.framework; name = StoreKit.framework; path = System/Library/Frameworks/StoreKit.framework; sourceTree = SDKROOT; };
		56DB1E9B2FF44C2B00D330D8 /* Postal.app */ = {isa = PBXFileReference; explicitFileType = wrapper.application; includeInIndex = 0; path = Postal.app; sourceTree = BUILT_PRODUCTS_DIR; };
		56F1A0012FF44C2B00D330D8 /* PostalUITests.xctest */ = {isa = PBXFileReference; explicitFileType = wrapper.cfbundle; includeInIndex = 0; path = PostalUITests.xctest; sourceTree = BUILT_PRODUCTS_DIR; };
/* End PBXFileReference section */

/* Begin PBXFileSystemSynchronizedRootGroup section */
		56DB1E9D2FF44C2B00D330D8 /* Postal */ = {
			isa = PBXFileSystemSynchronizedRootGroup;
			path = Postal;
			sourceTree = "<group>";
		};
		56F1A0022FF44C2B00D330D8 /* PostalUITests */ = {
			isa = PBXFileSystemSynchronizedRootGroup;
			path = PostalUITests;
			sourceTree = "<group>";
		};
/* End PBXFileSystemSynchronizedRootGroup section */

/* Begin PBXFrameworksBuildPhase section */
		56DB1E982FF44C2B00D330D8 /* Frameworks */ = {
			isa = PBXFrameworksBuildPhase;
			buildActionMask = 2147483647;
			files = (
				563792BB30129B9F00B90A9C /* RevenueCatUI in Frameworks */,
				56D3D81B30096ED900682844 /* FirebaseCore in Frameworks */,
				5637938E3016BDB700B90A9C /* StoreKit.framework in Frameworks */,
				56D3D81930096ED900682844 /* FirebaseAuth in Frameworks */,
				563792B930129B9F00B90A9C /* RevenueCat in Frameworks */,
				56E8F1A2302A100100C0DE03 /* CodeScanner in Frameworks */,
			);
			runOnlyForDeploymentPostprocessing = 0;
		};
		56F1A0042FF44C2B00D330D8 /* Frameworks */ = {
			isa = PBXFrameworksBuildPhase;
			buildActionMask = 2147483647;
			files = (
			);
			runOnlyForDeploymentPostprocessing = 0;
		};
/* End PBXFrameworksBuildPhase section */

/* Begin PBXGroup section */
		56C00CFC2FFFF3A7009FA92D /* Frameworks */ = {
			isa = PBXGroup;
			children = (
				5637938D3016BDB700B90A9C /* StoreKit.framework */,
			);
			name = Frameworks;
			sourceTree = "<group>";
		};
		56DB1E922FF44C2B00D330D8 = {
			isa = PBXGroup;
			children = (
				56DB1E9D2FF44C2B00D330D8 /* Postal */,
				56F1A0022FF44C2B00D330D8 /* PostalUITests */,
				56C00CFC2FFFF3A7009FA92D /* Frameworks */,
				56DB1E9C2FF44C2B00D330D8 /* Products */,
			);
			sourceTree = "<group>";
		};
		56DB1E9C2FF44C2B00D330D8 /* Products */ = {
			isa = PBXGroup;
			children = (
				56DB1E9B2FF44C2B00D330D8 /* Postal.app */,
				56F1A0012FF44C2B00D330D8 /* PostalUITests.xctest */,
			);
			name = Products;
			sourceTree = "<group>";
		};
/* End PBXGroup section */

/* Begin PBXNativeTarget section */
		56DB1E9A2FF44C2B00D330D8 /* Postal */ = {
			isa = PBXNativeTarget;
			buildConfigurationList = 56DB1EA82FF44C2C00D330D8 /* Build configuration list for PBXNativeTarget "Postal" */;
			buildPhases = (
				56DB1E972FF44C2B00D330D8 /* Sources */,
				56DB1E982FF44C2B00D330D8 /* Frameworks */,
				56DB1E992FF44C2B00D330D8 /* Resources */,
				56SC00012FF44C2B00D330D8 /* Copy Screenshot Fixtures */,
			);
			buildRules = (
			);
			dependencies = (
			);
			fileSystemSynchronizedGroups = (
				56DB1E9D2FF44C2B00D330D8 /* Postal */,
			);
			name = Postal;
			packageProductDependencies = (
				56D3D81830096ED900682844 /* FirebaseAuth */,
				56D3D81A30096ED900682844 /* FirebaseCore */,
				563792B830129B9F00B90A9C /* RevenueCat */,
				563792BA30129B9F00B90A9C /* RevenueCatUI */,
				56E8F1A1302A100100C0DE02 /* CodeScanner */,
			);
			productName = Postal;
			productReference = 56DB1E9B2FF44C2B00D330D8 /* Postal.app */;
			productType = "com.apple.product-type.application";
		};
		56F1A0062FF44C2B00D330D8 /* PostalUITests */ = {
			isa = PBXNativeTarget;
			buildConfigurationList = 56F1A00B2FF44C2B00D330D8 /* Build configuration list for PBXNativeTarget "PostalUITests" */;
			buildPhases = (
				56F1A0032FF44C2B00D330D8 /* Sources */,
				56F1A0042FF44C2B00D330D8 /* Frameworks */,
				56F1A0052FF44C2B00D330D8 /* Resources */,
			);
			buildRules = (
			);
			dependencies = (
				56F1A0082FF44C2B00D330D8 /* PBXTargetDependency */,
			);
			fileSystemSynchronizedGroups = (
				56F1A0022FF44C2B00D330D8 /* PostalUITests */,
			);
			name = PostalUITests;
			packageProductDependencies = (
			);
			productName = PostalUITests;
			productReference = 56F1A0012FF44C2B00D330D8 /* PostalUITests.xctest */;
			productType = "com.apple.product-type.bundle.ui-testing";
		};
/* End PBXNativeTarget section */

/* Begin PBXProject section */
		56DB1E932FF44C2B00D330D8 /* Project object */ = {
			isa = PBXProject;
			attributes = {
				BuildIndependentTargetsInParallel = 1;
				LastSwiftUpdateCheck = 2660;
				LastUpgradeCheck = 2660;
				TargetAttributes = {
					56DB1E9A2FF44C2B00D330D8 = {
						CreatedOnToolsVersion = 26.6;
					};
					56F1A0062FF44C2B00D330D8 = {
						CreatedOnToolsVersion = 26.6;
						TestTargetID = 56DB1E9A2FF44C2B00D330D8;
					};
				};
			};
			buildConfigurationList = 56DB1E962FF44C2B00D330D8 /* Build configuration list for PBXProject "Postal" */;
			developmentRegion = en;
			hasScannedForEncodings = 0;
			knownRegions = (
				en,
				Base,
			);
			mainGroup = 56DB1E922FF44C2B00D330D8;
			minimizedProjectReferenceProxies = 1;
			packageReferences = (
				56D3D81730096ED900682844 /* XCRemoteSwiftPackageReference "firebase-ios-sdk" */,
				563792B730129B9F00B90A9C /* XCRemoteSwiftPackageReference "purchases-ios-spm" */,
				56E8F1A0302A100100C0DE01 /* XCRemoteSwiftPackageReference "CodeScanner" */,
			);
			preferredProjectObjectVersion = 77;
			productRefGroup = 56DB1E9C2FF44C2B00D330D8 /* Products */;
			projectDirPath = "";
			projectRoot = "";
			targets = (
				56DB1E9A2FF44C2B00D330D8 /* Postal */,
				56F1A0062FF44C2B00D330D8 /* PostalUITests */,
			);
		};
/* End PBXProject section */

/* Begin PBXResourcesBuildPhase section */
		56DB1E992FF44C2B00D330D8 /* Resources */ = {
			isa = PBXResourcesBuildPhase;
			buildActionMask = 2147483647;
			files = (
			);
			runOnlyForDeploymentPostprocessing = 0;
		};
		56F1A0052FF44C2B00D330D8 /* Resources */ = {
			isa = PBXResourcesBuildPhase;
			buildActionMask = 2147483647;
			files = (
			);
			runOnlyForDeploymentPostprocessing = 0;
		};
/* End PBXResourcesBuildPhase section */

/* Begin PBXShellScriptBuildPhase section */
		56SC00012FF44C2B00D330D8 /* Copy Screenshot Fixtures */ = {
			isa = PBXShellScriptBuildPhase;
			alwaysOutOfDate = 1;
			buildActionMask = 2147483647;
			files = (
			);
			inputPaths = (
				"$(SRCROOT)/ScreenshotFixtures/compose-letter.pkdrawing",
			);
			name = "Copy Screenshot Fixtures";
			outputPaths = (
				"$(TARGET_BUILD_DIR)/$(UNLOCALIZED_RESOURCES_FOLDER_PATH)/compose-letter.pkdrawing",
			);
			runOnlyForDeploymentPostprocessing = 0;
			shellPath = /bin/sh;
			shellScript = "FIXTURE=\"${SRCROOT}/ScreenshotFixtures/compose-letter.pkdrawing\"\nDEST=\"${TARGET_BUILD_DIR}/${UNLOCALIZED_RESOURCES_FOLDER_PATH}/compose-letter.pkdrawing\"\n\nif [ -f \"${FIXTURE}\" ]; then\n  mkdir -p \"${TARGET_BUILD_DIR}/${UNLOCALIZED_RESOURCES_FOLDER_PATH}\"\n  cp \"${FIXTURE}\" \"${DEST}\"\nfi\n";
		};
/* End PBXShellScriptBuildPhase section */

/* Begin PBXSourcesBuildPhase section */
		56DB1E972FF44C2B00D330D8 /* Sources */ = {
			isa = PBXSourcesBuildPhase;
			buildActionMask = 2147483647;
			files = (
			);
			runOnlyForDeploymentPostprocessing = 0;
		};
		56F1A0032FF44C2B00D330D8 /* Sources */ = {
			isa = PBXSourcesBuildPhase;
			buildActionMask = 2147483647;
			files = (
			);
			runOnlyForDeploymentPostprocessing = 0;
		};
/* End PBXSourcesBuildPhase section */

/* Begin PBXTargetDependency section */
		56F1A0082FF44C2B00D330D8 /* PBXTargetDependency */ = {
			isa = PBXTargetDependency;
			target = 56DB1E9A2FF44C2B00D330D8 /* Postal */;
			targetProxy = 56F1A0072FF44C2B00D330D8 /* PBXContainerItemProxy */;
		};
/* End PBXTargetDependency section */

/* Begin XCBuildConfiguration section */
		56DB1EA62FF44C2C00D330D8 /* Debug */ = {
			isa = XCBuildConfiguration;
			buildSettings = {
				ALWAYS_SEARCH_USER_PATHS = NO;
				ASSETCATALOG_COMPILER_GENERATE_SWIFT_ASSET_SYMBOL_EXTENSIONS = YES;
				CLANG_ANALYZER_NONNULL = YES;
				CLANG_ANALYZER_NUMBER_OBJECT_CONVERSION = YES_AGGRESSIVE;
				CLANG_CXX_LANGUAGE_STANDARD = "gnu++20";
				CLANG_ENABLE_MODULES = YES;
				CLANG_ENABLE_OBJC_ARC = YES;
				CLANG_ENABLE_OBJC_WEAK = YES;
				CLANG_WARN_BLOCK_CAPTURE_AUTORELEASING = YES;
				CLANG_WARN_BOOL_CONVERSION = YES;
				CLANG_WARN_COMMA = YES;
				CLANG_WARN_CONSTANT_CONVERSION = YES;
				CLANG_WARN_DEPRECATED_OBJC_IMPLEMENTATIONS = YES;
				CLANG_WARN_DIRECT_OBJC_ISA_USAGE = YES_ERROR;
				CLANG_WARN_DOCUMENTATION_COMMENTS = YES;
				CLANG_WARN_EMPTY_BODY = YES;
				CLANG_WARN_ENUM_CONVERSION = YES;
				CLANG_WARN_INFINITE_RECURSION = YES;
				CLANG_WARN_INT_CONVERSION = YES;
				CLANG_WARN_NON_LITERAL_NULL_CONVERSION = YES;
				CLANG_WARN_OBJC_IMPLICIT_RETAIN_SELF = YES;
				CLANG_WARN_OBJC_LITERAL_CONVERSION = YES;
				CLANG_WARN_OBJC_ROOT_CLASS = YES_ERROR;
				CLANG_WARN_QUOTED_INCLUDE_IN_FRAMEWORK_HEADER = YES;
				CLANG_WARN_RANGE_LOOP_ANALYSIS = YES;
				CLANG_WARN_STRICT_PROTOTYPES = YES;
				CLANG_WARN_SUSPICIOUS_MOVE = YES;
				CLANG_WARN_UNGUARDED_AVAILABILITY = YES_AGGRESSIVE;
				CLANG_WARN_UNREACHABLE_CODE = YES;
				CLANG_WARN__DUPLICATE_METHOD_MATCH = YES;
				COPY_PHASE_STRIP = NO;
				DEBUG_INFORMATION_FORMAT = dwarf;
				DEVELOPMENT_TEAM = ZS9H682SJQ;
				ENABLE_STRICT_OBJC_MSGSEND = YES;
				ENABLE_TESTABILITY = YES;
				ENABLE_USER_SCRIPT_SANDBOXING = YES;
				GCC_C_LANGUAGE_STANDARD = gnu17;
				GCC_DYNAMIC_NO_PIC = NO;
				GCC_NO_COMMON_BLOCKS = YES;
				GCC_OPTIMIZATION_LEVEL = 0;
				GCC_PREPROCESSOR_DEFINITIONS = (
					"DEBUG=1",
					"$(inherited)",
				);
				GCC_WARN_64_TO_32_BIT_CONVERSION = YES;
				GCC_WARN_ABOUT_RETURN_TYPE = YES_ERROR;
				GCC_WARN_UNDECLARED_SELECTOR = YES;
				GCC_WARN_UNINITIALIZED_AUTOS = YES_AGGRESSIVE;
				GCC_WARN_UNUSED_FUNCTION = YES;
				GCC_WARN_UNUSED_VARIABLE = YES;
				IPHONEOS_DEPLOYMENT_TARGET = 17.0;
				LOCALIZATION_PREFERS_STRING_CATALOGS = YES;
				MTL_ENABLE_DEBUG_INFO = INCLUDE_SOURCE;
				MTL_FAST_MATH = YES;
				ONLY_ACTIVE_ARCH = YES;
				SDKROOT = iphoneos;
				SWIFT_ACTIVE_COMPILATION_CONDITIONS = "DEBUG $(inherited)";
				SWIFT_OPTIMIZATION_LEVEL = "-Onone";
			};
			name = Debug;
		};
		56DB1EA72FF44C2C00D330D8 /* Release */ = {
			isa = XCBuildConfiguration;
			buildSettings = {
				ALWAYS_SEARCH_USER_PATHS = NO;
				ASSETCATALOG_COMPILER_GENERATE_SWIFT_ASSET_SYMBOL_EXTENSIONS = YES;
				CLANG_ANALYZER_NONNULL = YES;
				CLANG_ANALYZER_NUMBER_OBJECT_CONVERSION = YES_AGGRESSIVE;
				CLANG_CXX_LANGUAGE_STANDARD = "gnu++20";
				CLANG_ENABLE_MODULES = YES;
				CLANG_ENABLE_OBJC_ARC = YES;
				CLANG_ENABLE_OBJC_WEAK = YES;
				CLANG_WARN_BLOCK_CAPTURE_AUTORELEASING = YES;
				CLANG_WARN_BOOL_CONVERSION = YES;
				CLANG_WARN_COMMA = YES;
				CLANG_WARN_CONSTANT_CONVERSION = YES;
				CLANG_WARN_DEPRECATED_OBJC_IMPLEMENTATIONS = YES;
				CLANG_WARN_DIRECT_OBJC_ISA_USAGE = YES_ERROR;
				CLANG_WARN_DOCUMENTATION_COMMENTS = YES;
				CLANG_WARN_EMPTY_BODY = YES;
				CLANG_WARN_ENUM_CONVERSION = YES;
				CLANG_WARN_INFINITE_RECURSION = YES;
				CLANG_WARN_INT_CONVERSION = YES;
				CLANG_WARN_NON_LITERAL_NULL_CONVERSION = YES;
				CLANG_WARN_OBJC_IMPLICIT_RETAIN_SELF = YES;
				CLANG_WARN_OBJC_LITERAL_CONVERSION = YES;
				CLANG_WARN_OBJC_ROOT_CLASS = YES_ERROR;
				CLANG_WARN_QUOTED_INCLUDE_IN_FRAMEWORK_HEADER = YES;
				CLANG_WARN_RANGE_LOOP_ANALYSIS = YES;
				CLANG_WARN_STRICT_PROTOTYPES = YES;
				CLANG_WARN_SUSPICIOUS_MOVE = YES;
				CLANG_WARN_UNGUARDED_AVAILABILITY = YES_AGGRESSIVE;
				CLANG_WARN_UNREACHABLE_CODE = YES;
				CLANG_WARN__DUPLICATE_METHOD_MATCH = YES;
				COPY_PHASE_STRIP = NO;
				DEBUG_INFORMATION_FORMAT = "dwarf-with-dsym";
				DEVELOPMENT_TEAM = ZS9H682SJQ;
				ENABLE_NS_ASSERTIONS = NO;
				ENABLE_STRICT_OBJC_MSGSEND = YES;
				ENABLE_USER_SCRIPT_SANDBOXING = YES;
				GCC_C_LANGUAGE_STANDARD = gnu17;
				GCC_NO_COMMON_BLOCKS = YES;
				GCC_WARN_64_TO_32_BIT_CONVERSION = YES;
				GCC_WARN_ABOUT_RETURN_TYPE = YES_ERROR;
				GCC_WARN_UNDECLARED_SELECTOR = YES;
				GCC_WARN_UNINITIALIZED_AUTOS = YES_AGGRESSIVE;
				GCC_WARN_UNUSED_FUNCTION = YES;
				GCC_WARN_UNUSED_VARIABLE = YES;
				IPHONEOS_DEPLOYMENT_TARGET = 17.0;
				LOCALIZATION_PREFERS_STRING_CATALOGS = YES;
				MTL_ENABLE_DEBUG_INFO = NO;
				MTL_FAST_MATH = YES;
				SDKROOT = iphoneos;
				SWIFT_COMPILATION_MODE = wholemodule;
				VALIDATE_PRODUCT = YES;
			};
			name = Release;
		};
		56DB1EA92FF44C2C00D330D8 /* Debug */ = {
			isa = XCBuildConfiguration;
			buildSettings = {
				ASSETCATALOG_COMPILER_APPICON_NAME = PostalAppIcon;
				ASSETCATALOG_COMPILER_GLOBAL_ACCENT_COLOR_NAME = AccentColor;
				CODE_SIGN_ENTITLEMENTS = Postal/Postal.entitlements;
				CODE_SIGN_STYLE = Automatic;
				CURRENT_PROJECT_VERSION = 1;
				DEVELOPMENT_TEAM = ZS9H682SJQ;
				ENABLE_PREVIEWS = YES;
				GENERATE_INFOPLIST_FILE = YES;
				INFOPLIST_FILE = Supporting/Info.plist;
				INFOPLIST_KEY_CFBundleDisplayName = Postal;
				INFOPLIST_KEY_LSApplicationCategoryType = "public.app-category.social-networking";
				INFOPLIST_KEY_UIApplicationSceneManifest_Generation = YES;
				INFOPLIST_KEY_UILaunchScreen_Generation = YES;
				INFOPLIST_KEY_UISupportedInterfaceOrientations = UIInterfaceOrientationPortrait;
				INFOPLIST_KEY_UISupportedInterfaceOrientations_iPad = "UIInterfaceOrientationPortrait UIInterfaceOrientationPortraitUpsideDown UIInterfaceOrientationLandscapeLeft UIInterfaceOrientationLandscapeRight";
				LD_RUNPATH_SEARCH_PATHS = (
					"$(inherited)",
					"@executable_path/Frameworks",
				);
				MARKETING_VERSION = 1.0;
				PRODUCT_BUNDLE_IDENTIFIER = com.JackKroll.Postal;
				PRODUCT_NAME = "$(TARGET_NAME)";
				STRING_CATALOG_GENERATE_SYMBOLS = YES;
				SWIFT_APPROACHABLE_CONCURRENCY = YES;
				SWIFT_DEFAULT_ACTOR_ISOLATION = MainActor;
				SWIFT_EMIT_LOC_STRINGS = YES;
				SWIFT_UPCOMING_FEATURE_MEMBER_IMPORT_VISIBILITY = YES;
				SWIFT_VERSION = 5.0;
				TARGETED_DEVICE_FAMILY = "1,2";
			};
			name = Debug;
		};
		56DB1EAA2FF44C2C00D330D8 /* Release */ = {
			isa = XCBuildConfiguration;
			buildSettings = {
				ASSETCATALOG_COMPILER_APPICON_NAME = PostalAppIcon;
				ASSETCATALOG_COMPILER_GLOBAL_ACCENT_COLOR_NAME = AccentColor;
				CODE_SIGN_ENTITLEMENTS = Postal/Postal.entitlements;
				CODE_SIGN_STYLE = Automatic;
				CURRENT_PROJECT_VERSION = 1;
				DEVELOPMENT_TEAM = ZS9H682SJQ;
				ENABLE_PREVIEWS = YES;
				GENERATE_INFOPLIST_FILE = YES;
				INFOPLIST_FILE = Supporting/Info.plist;
				INFOPLIST_KEY_CFBundleDisplayName = Postal;
				INFOPLIST_KEY_LSApplicationCategoryType = "public.app-category.social-networking";
				INFOPLIST_KEY_UIApplicationSceneManifest_Generation = YES;
				INFOPLIST_KEY_UILaunchScreen_Generation = YES;
				INFOPLIST_KEY_UISupportedInterfaceOrientations = UIInterfaceOrientationPortrait;
				INFOPLIST_KEY_UISupportedInterfaceOrientations_iPad = "UIInterfaceOrientationPortrait UIInterfaceOrientationPortraitUpsideDown UIInterfaceOrientationLandscapeLeft UIInterfaceOrientationLandscapeRight";
				LD_RUNPATH_SEARCH_PATHS = (
					"$(inherited)",
					"@executable_path/Frameworks",
				);
				MARKETING_VERSION = 1.0;
				PRODUCT_BUNDLE_IDENTIFIER = com.JackKroll.Postal;
				PRODUCT_NAME = "$(TARGET_NAME)";
				STRING_CATALOG_GENERATE_SYMBOLS = YES;
				SWIFT_APPROACHABLE_CONCURRENCY = YES;
				SWIFT_DEFAULT_ACTOR_ISOLATION = MainActor;
				SWIFT_EMIT_LOC_STRINGS = YES;
				SWIFT_UPCOMING_FEATURE_MEMBER_IMPORT_VISIBILITY = YES;
				SWIFT_VERSION = 5.0;
				TARGETED_DEVICE_FAMILY = "1,2";
			};
			name = Release;
		};
		56F1A0092FF44C2B00D330D8 /* Debug */ = {
			isa = XCBuildConfiguration;
			buildSettings = {
				CODE_SIGN_STYLE = Automatic;
				CURRENT_PROJECT_VERSION = 1;
				DEVELOPMENT_TEAM = ZS9H682SJQ;
				GENERATE_INFOPLIST_FILE = YES;
				IPHONEOS_DEPLOYMENT_TARGET = 17.0;
				MARKETING_VERSION = 1.0;
				PRODUCT_BUNDLE_IDENTIFIER = com.JackKroll.PostalUITests;
				PRODUCT_NAME = "$(TARGET_NAME)";
				SWIFT_APPROACHABLE_CONCURRENCY = YES;
				SWIFT_EMIT_LOC_STRINGS = NO;
				SWIFT_VERSION = 5.0;
				TARGETED_DEVICE_FAMILY = "1,2";
				TEST_TARGET_NAME = Postal;
			};
			name = Debug;
		};
		56F1A00A2FF44C2B00D330D8 /* Release */ = {
			isa = XCBuildConfiguration;
			buildSettings = {
				CODE_SIGN_STYLE = Automatic;
				CURRENT_PROJECT_VERSION = 1;
				DEVELOPMENT_TEAM = ZS9H682SJQ;
				GENERATE_INFOPLIST_FILE = YES;
				IPHONEOS_DEPLOYMENT_TARGET = 17.0;
				MARKETING_VERSION = 1.0;
				PRODUCT_BUNDLE_IDENTIFIER = com.JackKroll.PostalUITests;
				PRODUCT_NAME = "$(TARGET_NAME)";
				SWIFT_APPROACHABLE_CONCURRENCY = YES;
				SWIFT_EMIT_LOC_STRINGS = NO;
				SWIFT_VERSION = 5.0;
				TARGETED_DEVICE_FAMILY = "1,2";
				TEST_TARGET_NAME = Postal;
			};
			name = Release;
		};
/* End XCBuildConfiguration section */

/* Begin XCConfigurationList section */
		56DB1E962FF44C2B00D330D8 /* Build configuration list for PBXProject "Postal" */ = {
			isa = XCConfigurationList;
			buildConfigurations = (
				56DB1EA62FF44C2C00D330D8 /* Debug */,
				56DB1EA72FF44C2C00D330D8 /* Release */,
			);
			defaultConfigurationIsVisible = 0;
			defaultConfigurationName = Release;
		};
		56DB1EA82FF44C2C00D330D8 /* Build configuration list for PBXNativeTarget "Postal" */ = {
			isa = XCConfigurationList;
			buildConfigurations = (
				56DB1EA92FF44C2C00D330D8 /* Debug */,
				56DB1EAA2FF44C2C00D330D8 /* Release */,
			);
			defaultConfigurationIsVisible = 0;
			defaultConfigurationName = Release;
		};
		56F1A00B2FF44C2B00D330D8 /* Build configuration list for PBXNativeTarget "PostalUITests" */ = {
			isa = XCConfigurationList;
			buildConfigurations = (
				56F1A0092FF44C2B00D330D8 /* Debug */,
				56F1A00A2FF44C2B00D330D8 /* Release */,
			);
			defaultConfigurationIsVisible = 0;
			defaultConfigurationName = Release;
		};
/* End XCConfigurationList section */

/* Begin XCRemoteSwiftPackageReference section */
		563792B730129B9F00B90A9C /* XCRemoteSwiftPackageReference "purchases-ios-spm" */ = {
			isa = XCRemoteSwiftPackageReference;
			repositoryURL = "https://github.com/RevenueCat/purchases-ios-spm.git";
			requirement = {
				kind = upToNextMajorVersion;
				minimumVersion = 5.81.2;
			};
		};
		56D3D81730096ED900682844 /* XCRemoteSwiftPackageReference "firebase-ios-sdk" */ = {
			isa = XCRemoteSwiftPackageReference;
			repositoryURL = "https://github.com/firebase/firebase-ios-sdk";
			requirement = {
				kind = upToNextMajorVersion;
				minimumVersion = 12.16.0;
			};
		};
		56E8F1A0302A100100C0DE01 /* XCRemoteSwiftPackageReference "CodeScanner" */ = {
			isa = XCRemoteSwiftPackageReference;
			repositoryURL = "https://github.com/twostraws/CodeScanner";
			requirement = {
				kind = upToNextMajorVersion;
				minimumVersion = 2.5.2;
			};
		};
/* End XCRemoteSwiftPackageReference section */

/* Begin XCSwiftPackageProductDependency section */
		563792B830129B9F00B90A9C /* RevenueCat */ = {
			isa = XCSwiftPackageProductDependency;
			package = 563792B730129B9F00B90A9C /* XCRemoteSwiftPackageReference "purchases-ios-spm" */;
			productName = RevenueCat;
		};
		563792BA30129B9F00B90A9C /* RevenueCatUI */ = {
			isa = XCSwiftPackageProductDependency;
			package = 563792B730129B9F00B90A9C /* XCRemoteSwiftPackageReference "purchases-ios-spm" */;
			productName = RevenueCatUI;
		};
		56D3D81830096ED900682844 /* FirebaseAuth */ = {
			isa = XCSwiftPackageProductDependency;
			package = 56D3D81730096ED900682844 /* XCRemoteSwiftPackageReference "firebase-ios-sdk" */;
			productName = FirebaseAuth;
		};
		56D3D81A30096ED900682844 /* FirebaseCore */ = {
			isa = XCSwiftPackageProductDependency;
			package = 56D3D81730096ED900682844 /* XCRemoteSwiftPackageReference "firebase-ios-sdk" */;
			productName = FirebaseCore;
		};
		56E8F1A1302A100100C0DE02 /* CodeScanner */ = {
			isa = XCSwiftPackageProductDependency;
			package = 56E8F1A0302A100100C0DE01 /* XCRemoteSwiftPackageReference "CodeScanner" */;
			productName = CodeScanner;
		};
/* End XCSwiftPackageProductDependency section */
	};
	rootObject = 56DB1E932FF44C2B00D330D8 /* Project object */;
}
